# This file is generated by running "yarn install" inside your project.
# Manual changes might be lost - proceed with caution!

__metadata:
  version: 8
  cacheKey: 10c0

"@reteps/dockerfmt@npm:^0.3.6":
  version: 0.3.6
  resolution: "@reteps/dockerfmt@npm:0.3.6"
  checksum: 10c0/b6ca467ba97ea49071c44d0fbecf131fc8045165e950d0d01372c1834000c58d53f62bff42f09b851f7a9d91899047f071cd8fe57e1fc88fc27e2a3d2bdb214d
  languageName: node
  linkType: hard

"@taplo/core@npm:^0.2.0":
  version: 0.2.0
  resolution: "@taplo/core@npm:0.2.0"
  checksum: 10c0/4bbc3b696c49e267da2dfcd13e7812e5c09febda583856b35569773542e93f9c28a50dab69c635e1d5e11a4de6962ab08e006985fa38d2df1b3ef19d471efa05
  languageName: node
  linkType: hard

"@taplo/lib@npm:^0.5.0":
  version: 0.5.0
  resolution: "@taplo/lib@npm:0.5.0"
  dependencies:
    "@taplo/core": "npm:^0.2.0"
  checksum: 10c0/0d1ea190586cac09a1c28fc43f807ba843a3313329744aacf49200da909beacbc43e5ebb89677d608b821458ad9378bc3d398c2aa7eff7e567ad59f85cc5ed82
  languageName: node
  linkType: hard

"acg-templates-hop@workspace:.":
  version: 0.0.0-use.local
  resolution: "acg-templates-hop@workspace:."
  dependencies:
    prettier: "npm:^3.6.2"
    prettier-plugin-pkg: "npm:^0.21.2"
    prettier-plugin-sh: "npm:^0.18.0"
    prettier-plugin-toml: "npm:^2.0.6"
  languageName: unknown
  linkType: soft

"prettier-plugin-pkg@npm:^0.21.2":
  version: 0.21.2
  resolution: "prettier-plugin-pkg@npm:0.21.2"
  peerDependencies:
    prettier: ^3.0.3
  checksum: 10c0/027497d93f5208190acf28f0f6ef6fe2656f01aa25d1f063437db74772ee9a84227936144f8142de3dfbce8eb66d29199f5811c68a1b633445f9aaca398b536e
  languageName: node
  linkType: hard

"prettier-plugin-sh@npm:^0.18.0":
  version: 0.18.0
  resolution: "prettier-plugin-sh@npm:0.18.0"
  dependencies:
    "@reteps/dockerfmt": "npm:^0.3.6"
    sh-syntax: "npm:^0.5.8"
  peerDependencies:
    prettier: ^3.6.0
  checksum: 10c0/d8946440abaab1c0f32cee270e0ad285e1f4bba0008aff7c55a9a1c8639032aa8b397aef8f8387a5b88c3f4fb657f1d4d1ab7ae6a1f5c4599875080fb951b9b1
  languageName: node
  linkType: hard

"prettier-plugin-toml@npm:^2.0.6":
  version: 2.0.6
  resolution: "prettier-plugin-toml@npm:2.0.6"
  dependencies:
    "@taplo/lib": "npm:^0.5.0"
  peerDependencies:
    prettier: ^3.0.3
  checksum: 10c0/8fd0817c2dfe64e694424498c901228e304b76c0909e3ba8a1baff4d259c6f65bb742362859148c3438accd8248b0cf2efd2c89e1d73f9f469cd5ed82b60e5af
  languageName: node
  linkType: hard

"prettier@npm:^3.6.2":
  version: 3.6.2
  resolution: "prettier@npm:3.6.2"
  bin:
    prettier: bin/prettier.cjs
  checksum: 10c0/488cb2f2b99ec13da1e50074912870217c11edaddedeadc649b1244c749d15ba94e846423d062e2c4c9ae683e2d65f754de28889ba06e697ac4f988d44f45812
  languageName: node
  linkType: hard

"sh-syntax@npm:^0.5.8":
  version: 0.5.8
  resolution: "sh-syntax@npm:0.5.8"
  dependencies:
    tslib: "npm:^2.8.1"
  checksum: 10c0/2d2609fc8760ef97175c852be26ee3eeb196078c5aec282c8b96a59ee362be4f470d3e0df4e372da6c7a7b44ccc42910cbdcb0915271b3cb6a6212d00dde116f
  languageName: node
  linkType: hard

"tslib@npm:^2.8.1":
  version: 2.8.1
  resolution: "tslib@npm:2.8.1"
  checksum: 10c0/9c4759110a19c53f992d9aae23aac5ced636e99887b51b9e61def52611732872ff7668757d4e4c61f19691e36f4da981cd9485e869b4a7408d689f6bf1f14e62
  languageName: node
  linkType: hard
